
Microsoft Visual Studio Solution File, Format Version 12.00
# Visual Studio 15
VisualStudioVersion = 15.0.27428.1
MinimumVisualStudioVersion = 10.0.40219.1
Project("{8BC9CEB8-8B4A-11D0-8D11-00A0C91BC942}") = "AdressToStl", "AdressToStl\AdressToStl.vcxproj", "{0B6CEB27-16A3-4686-9E7D-37D617528BA2}"
EndProject
Global
	GlobalSection(SolutionConfigurationPlatforms) = preSolution
		Debug|x64 = Debug|x64
		Debug|x86 = Debug|x86
		Release|x64 = Release|x64
		Release|x86 = Release|x86
	EndGlobalSection
	GlobalSection(ProjectConfigurationPlatforms) = postSolution
		{0B6CEB27-16A3-4686-9E7D-37D617528BA2}.Debug|x64.ActiveCfg = Debug|x64
		{0B6CEB27-16A3-4686-9E7D-37D617528BA2}.Debug|x64.Build.0 = Debug|x64
		{0B6CEB27-16A3-4686-9E7D-37D617528BA2}.Debug|x86.ActiveCfg = Debug|Win32
		{0B6CEB27-16A3-4686-9E7D-37D617528BA2}.Debug|x86.Build.0 = Debug|Win32
		{0B6CEB27-16A3-4686-9E7D-37D617528BA2}.Release|x64.ActiveCfg = Release|x64
		{0B6CEB27-16A3-4686-9E7D-37D617528BA2}.Release|x64.Build.0 = Release|x64
		{0B6CEB27-16A3-4686-9E7D-37D617528BA2}.Release|x86.ActiveCfg = Release|Win32
		{0B6CEB27-16A3-4686-9E7D-37D617528BA2}.Release|x86.Build.0 = Release|Win32
	EndGlobalSection
	GlobalSection(SolutionProperties) = preSolution
		HideSolutionNode = FALSE
	EndGlobalSection
	GlobalSection(ExtensibilityGlobals) = postSolution
		SolutionGuid = {8E0156F9-4294-446D-B2F9-7A017C5B0509}
	EndGlobalSection
EndGlobal
