
Microsoft Visual Studio Solution File, Format Version 12.00
# Visual Studio 15
VisualStudioVersion = 15.0.28307.705
MinimumVisualStudioVersion = 10.0.40219.1
Project("{8BC9CEB8-8B4A-11D0-8D11-00A0C91BC942}") = "Tomagochi", "Tomagochi\Tomagochi.vcxproj", "{0238710D-50E0-4647-958A-49A843070CA6}"
EndProject
Global
	GlobalSection(SolutionConfigurationPlatforms) = preSolution
		Debug|x64 = Debug|x64
		Debug|x86 = Debug|x86
		Release|x64 = Release|x64
		Release|x86 = Release|x86
	EndGlobalSection
	GlobalSection(ProjectConfigurationPlatforms) = postSolution
		{0238710D-50E0-4647-958A-49A843070CA6}.Debug|x64.ActiveCfg = Debug|x64
		{0238710D-50E0-4647-958A-49A843070CA6}.Debug|x64.Build.0 = Debug|x64
		{0238710D-50E0-4647-958A-49A843070CA6}.Debug|x86.ActiveCfg = Debug|Win32
		{0238710D-50E0-4647-958A-49A843070CA6}.Debug|x86.Build.0 = Debug|Win32
		{0238710D-50E0-4647-958A-49A843070CA6}.Release|x64.ActiveCfg = Release|x64
		{0238710D-50E0-4647-958A-49A843070CA6}.Release|x64.Build.0 = Release|x64
		{0238710D-50E0-4647-958A-49A843070CA6}.Release|x86.ActiveCfg = Release|Win32
		{0238710D-50E0-4647-958A-49A843070CA6}.Release|x86.Build.0 = Release|Win32
	EndGlobalSection
	GlobalSection(SolutionProperties) = preSolution
		HideSolutionNode = FALSE
	EndGlobalSection
	GlobalSection(ExtensibilityGlobals) = postSolution
		SolutionGuid = {672C83BE-DD6E-43C4-AC1C-BC2C47E5002F}
	EndGlobalSection
EndGlobal
